
Microsoft Visual Studio Solution File, Format Version 12.00
# Visual Studio Version 17
VisualStudioVersion = 17.3.32922.545
MinimumVisualStudioVersion = 10.0.40219.1
Project("{9A19103F-16F7-4668-BE54-9A1E7A4F7556}") = "DataManager.Common", "DataManager\DataManager.Common\DataManager.Common.csproj", "{F11BAC86-245C-4466-B73E-781175E4D91A}"
EndProject
Project("{9A19103F-16F7-4668-BE54-9A1E7A4F7556}") = "DataManager.SqlServer", "DataManager\DataManager.SqlServer\DataManager.SqlServer.csproj", "{D15E12C3-062E-4814-A6F2-F6159EC168C2}"
EndProject
Project("{9A19103F-16F7-4668-BE54-9A1E7A4F7556}") = "WebApi", "WebApi\WebApi.csproj", "{4A04733A-8C4A-4CC9-8B8B-832910C18418}"
EndProject
Project("{FAE04EC0-301F-11D3-BF4B-00C04F79EFBC}") = "Auth", "Auth\Auth\Auth.csproj", "{177A1D1C-A331-45E4-A7A7-FA1D87170565}"
EndProject
Global
	GlobalSection(SolutionConfigurationPlatforms) = preSolution
		Debug|Any CPU = Debug|Any CPU
		Release|Any CPU = Release|Any CPU
	EndGlobalSection
	GlobalSection(ProjectConfigurationPlatforms) = postSolution
		{F11BAC86-245C-4466-B73E-781175E4D91A}.Debug|Any CPU.ActiveCfg = Debug|Any CPU
		{F11BAC86-245C-4466-B73E-781175E4D91A}.Debug|Any CPU.Build.0 = Debug|Any CPU
		{F11BAC86-245C-4466-B73E-781175E4D91A}.Release|Any CPU.ActiveCfg = Release|Any CPU
		{F11BAC86-245C-4466-B73E-781175E4D91A}.Release|Any CPU.Build.0 = Release|Any CPU
		{D15E12C3-062E-4814-A6F2-F6159EC168C2}.Debug|Any CPU.ActiveCfg = Debug|Any CPU
		{D15E12C3-062E-4814-A6F2-F6159EC168C2}.Debug|Any CPU.Build.0 = Debug|Any CPU
		{D15E12C3-062E-4814-A6F2-F6159EC168C2}.Release|Any CPU.ActiveCfg = Release|Any CPU
		{D15E12C3-062E-4814-A6F2-F6159EC168C2}.Release|Any CPU.Build.0 = Release|Any CPU
		{4A04733A-8C4A-4CC9-8B8B-832910C18418}.Debug|Any CPU.ActiveCfg = Debug|Any CPU
		{4A04733A-8C4A-4CC9-8B8B-832910C18418}.Debug|Any CPU.Build.0 = Debug|Any CPU
		{4A04733A-8C4A-4CC9-8B8B-832910C18418}.Release|Any CPU.ActiveCfg = Release|Any CPU
		{4A04733A-8C4A-4CC9-8B8B-832910C18418}.Release|Any CPU.Build.0 = Release|Any CPU
		{177A1D1C-A331-45E4-A7A7-FA1D87170565}.Debug|Any CPU.ActiveCfg = Debug|Any CPU
		{177A1D1C-A331-45E4-A7A7-FA1D87170565}.Debug|Any CPU.Build.0 = Debug|Any CPU
		{177A1D1C-A331-45E4-A7A7-FA1D87170565}.Release|Any CPU.ActiveCfg = Release|Any CPU
		{177A1D1C-A331-45E4-A7A7-FA1D87170565}.Release|Any CPU.Build.0 = Release|Any CPU
	EndGlobalSection
	GlobalSection(SolutionProperties) = preSolution
		HideSolutionNode = FALSE
	EndGlobalSection
	GlobalSection(ExtensibilityGlobals) = postSolution
		SolutionGuid = {57671333-1560-4F96-A76B-D3337C9BC9CC}
	EndGlobalSection
EndGlobal
