
Microsoft Visual Studio Solution File, Format Version 12.00
# Visual Studio Version 17
VisualStudioVersion = 17.3.32922.545
MinimumVisualStudioVersion = 10.0.40219.1
Project("{FAE04EC0-301F-11D3-BF4B-00C04F79EFBC}") = "DataManager.SqlServer", "DataManager.SqlServer\DataManager.SqlServer.csproj", "{6E900C2F-3A91-44D9-AB04-CFF69A493D85}"
EndProject
Project("{2150E333-8FDC-42A3-9474-1A3956D46DE8}") = "DataManager", "DataManager", "{7D39128E-37F1-41C4-8920-A8C488262D9A}"
EndProject
Project("{FAE04EC0-301F-11D3-BF4B-00C04F79EFBC}") = "DataManager.Common", "DataManager.Common\DataManager.Common.csproj", "{5B95FAD1-EAB8-4E74-B5A1-E12D44AE2388}"
EndProject
Global
	GlobalSection(SolutionConfigurationPlatforms) = preSolution
		Debug|Any CPU = Debug|Any CPU
		Release|Any CPU = Release|Any CPU
	EndGlobalSection
	GlobalSection(ProjectConfigurationPlatforms) = postSolution
		{6E900C2F-3A91-44D9-AB04-CFF69A493D85}.Debug|Any CPU.ActiveCfg = Debug|Any CPU
		{6E900C2F-3A91-44D9-AB04-CFF69A493D85}.Debug|Any CPU.Build.0 = Debug|Any CPU
		{6E900C2F-3A91-44D9-AB04-CFF69A493D85}.Release|Any CPU.ActiveCfg = Release|Any CPU
		{6E900C2F-3A91-44D9-AB04-CFF69A493D85}.Release|Any CPU.Build.0 = Release|Any CPU
		{5B95FAD1-EAB8-4E74-B5A1-E12D44AE2388}.Debug|Any CPU.ActiveCfg = Debug|Any CPU
		{5B95FAD1-EAB8-4E74-B5A1-E12D44AE2388}.Debug|Any CPU.Build.0 = Debug|Any CPU
		{5B95FAD1-EAB8-4E74-B5A1-E12D44AE2388}.Release|Any CPU.ActiveCfg = Release|Any CPU
		{5B95FAD1-EAB8-4E74-B5A1-E12D44AE2388}.Release|Any CPU.Build.0 = Release|Any CPU
	EndGlobalSection
	GlobalSection(SolutionProperties) = preSolution
		HideSolutionNode = FALSE
	EndGlobalSection
	GlobalSection(NestedProjects) = preSolution
		{6E900C2F-3A91-44D9-AB04-CFF69A493D85} = {7D39128E-37F1-41C4-8920-A8C488262D9A}
		{5B95FAD1-EAB8-4E74-B5A1-E12D44AE2388} = {7D39128E-37F1-41C4-8920-A8C488262D9A}
	EndGlobalSection
	GlobalSection(ExtensibilityGlobals) = postSolution
		SolutionGuid = {57671333-1560-4F96-A76B-D3337C9BC9CC}
	EndGlobalSection
EndGlobal
